
Microsoft Visual Studio Solution File, Format Version 12.00
# Visual Studio Version 17
VisualStudioVersion = 17.11.35208.52
MinimumVisualStudioVersion = 10.0.40219.1
Project("{FAE04EC0-301F-11D3-BF4B-00C04F79EFBC}") = "clockonazure", "clockonazure.csproj", "{912D6347-35A0-4AF1-8B25-87E85E8C3836}"
EndProject
Global
	GlobalSection(SolutionConfigurationPlatforms) = preSolution
		Debug|Any CPU = Debug|Any CPU
		Release|Any CPU = Release|Any CPU
	EndGlobalSection
	GlobalSection(ProjectConfigurationPlatforms) = postSolution
		{912D6347-35A0-4AF1-8B25-87E85E8C3836}.Debug|Any CPU.ActiveCfg = Debug|Any CPU
		{912D6347-35A0-4AF1-8B25-87E85E8C3836}.Debug|Any CPU.Build.0 = Debug|Any CPU
		{912D6347-35A0-4AF1-8B25-87E85E8C3836}.Release|Any CPU.ActiveCfg = Release|Any CPU
		{912D6347-35A0-4AF1-8B25-87E85E8C3836}.Release|Any CPU.Build.0 = Release|Any CPU
	EndGlobalSection
	GlobalSection(SolutionProperties) = preSolution
		HideSolutionNode = FALSE
	EndGlobalSection
	GlobalSection(ExtensibilityGlobals) = postSolution
		SolutionGuid = {8781A7F4-491E-4455-8C14-91DD7FE1BE40}
	EndGlobalSection
EndGlobal
